{
  "object": {
    "pins": [
      {
        "package": "SwiftTypes",
        "repositoryURL": "https://github.com/Piotr-Brzeski/SwiftTypes.git",
        "state": {
          "branch": null,
          "revision": "088ba4b9d98e585b13e1c6af50feb1103eeda1f8",
          "version": "0.1.0"
        }
      }
    ]
  },
  "version": 1
}
